{
    "_meta": {
        "hash": {
            "sha256": "b1e2b818face51486eff125468c6581ddbfe1bc2405978933c06d554babbcdfa"
        },
        "pipfile-spec": 6,
        "requires": {
            "python_version": "3.9"
        },
        "sources": [
            {
                "name": "pypi",
                "url": "https://pypi.org/simple",
                "verify_ssl": true
            }
        ]
    },
    "default": {
        "blessed": {
            "hashes": [
                "sha256:8371d69ac55558e4b1591964873d6721136e9ea17a730aeb3add7d27761b134b",
                "sha256:a9a774fc6eda05248735b0d86e866d640ca2fef26038878f7e4d23f7749a1e40"
            ],
            "version": "==1.17.6"
        },
        "inquirer": {
            "hashes": [
                "sha256:d15e15de1ad5696f1967e7a23d8e2fce69d2e41a70b008948d676881ed94c3a5",
                "sha256:e819188de0ca7985a99c282176c6f50fb08b0d33867fd1965d3f3e97d6c8f83f"
            ],
            "index": "pypi",
            "version": "==2.7.0"
        },
        "psycopg2": {
            "hashes": [
                "sha256:079d97fc22de90da1d370c90583659a9f9a6ee4007355f5825e5f1c70dffc1fa",
                "sha256:2087013c159a73e09713294a44d0c8008204d06326006b7f652bef5ace66eebb",
                "sha256:2c992196719fadda59f72d44603ee1a2fdcc67de097eea38d41c7ad9ad246e62",
                "sha256:7640e1e4d72444ef012e275e7b53204d7fab341fb22bc76057ede22fe6860b25",
                "sha256:7f91312f065df517187134cce8e395ab37f5b601a42446bdc0f0d51773621854",
                "sha256:830c8e8dddab6b6716a4bf73a09910c7954a92f40cf1d1e702fb93c8a919cc56",
                "sha256:89409d369f4882c47f7ea20c42c5046879ce22c1e4ea20ef3b00a4dfc0a7f188",
                "sha256:bf35a25f1aaa8a3781195595577fcbb59934856ee46b4f252f56ad12b8043bcf",
                "sha256:de5303a6f1d0a7a34b9d40e4d3bef684ccc44a49bbe3eb85e3c0bffb4a131b7c"
            ],
            "index": "pypi",
            "version": "==2.9.1"
        },
        "python-editor": {
            "hashes": [
                "sha256:1bf6e860a8ad52a14c3ee1252d5dc25b2030618ed80c022598f00176adc8367d",
                "sha256:51fda6bcc5ddbbb7063b2af7509e43bd84bfc32a4ff71349ec7847713882327b",
                "sha256:5f98b069316ea1c2ed3f67e7f5df6c0d8f10b689964a4a811ff64f0106819ec8",
                "sha256:c3da2053dbab6b29c94e43c486ff67206eafbe7eb52dbec7390b5e2fb05aac77",
                "sha256:ea87e17f6ec459e780e4221f295411462e0d0810858e055fc514684350a2f522"
            ],
            "version": "==1.0.4"
        },
        "readchar": {
            "hashes": [
                "sha256:3ac34aab28563bc895f73233d5c08b28f951ca190d5850b8d4bec973132a8dca",
                "sha256:ed00b7a49bb12f345319d9fa393f289f03670310ada2beb55e8c3f017c648f1e"
            ],
            "version": "==2.0.1"
        },
        "six": {
            "hashes": [
                "sha256:1e61c37477a1626458e36f7b1d82aa5c9b094fa4802892072e49de9c60c4c926",
                "sha256:8abb2f1d86890a2dfb989f9a77cfcfd3e47c2a354b01111771326f8aa26e0254"
            ],
            "markers": "python_version >= '2.7' and python_version not in '3.0, 3.1, 3.2, 3.3'",
            "version": "==1.16.0"
        },
        "sqlalchemy": {
            "hashes": [
                "sha256:07ac4461a1116b317519ddf6f34bcb00b011b5c1370ebeaaf56595504ffc7e84",
                "sha256:090536fd23bf49077ee94ff97142bc5ee8bad24294c3d7c8d5284267c885dde7",
                "sha256:1dee515578d04bc80c4f9a8c8cfe93f455db725059e885f1b1da174d91c4d077",
                "sha256:1ef37c9ec2015ce2f0dc1084514e197f2f199d3dc3514190db7620b78e6004c8",
                "sha256:295b90efef1278f27fe27d94a45460ae3c17f5c5c2b32c163e29c359740a1599",
                "sha256:2ce42ad1f59eb85c55c44fb505f8854081ee23748f76b62a7f569cfa9b6d0604",
                "sha256:2feb028dc75e13ba93456a42ac042b255bf94dbd692bf80b47b22653bb25ccf8",
                "sha256:31f4426cfad19b5a50d07153146b2bcb372a279975d5fa39f98883c0ef0f3313",
                "sha256:3c0c5f54560a92691d54b0768d67b4d3159e514b426cfcb1258af8c195577e8f",
                "sha256:463ef692259ff8189be42223e433542347ae17e33f91c1013e9c5c64e2798088",
                "sha256:4a882dedb9dfa6f33524953c3e3d72bcf518a5defd6d5863150a821928b19ad3",
                "sha256:4c185c928e2638af9bae13acc3f70e0096eac76471a1101a10f96b80666b8270",
                "sha256:5039faa365e7522a8eb4736a54afd24a7e75dcc33b81ab2f0e6c456140f1ad64",
                "sha256:5c6774b34782116ad9bdec61c2dbce9faaca4b166a0bc8e7b03c2b870b121d94",
                "sha256:6bc7f9d7d90ef55e8c6db1308a8619cd8f40e24a34f759119b95e7284dca351a",
                "sha256:7e8ef103eaa72a857746fd57dda5b8b5961e8e82a528a3f8b7e2884d8506f0b7",
                "sha256:7ef421c3887b39c6f352e5022a53ac18de8387de331130481cb956b2d029cad6",
                "sha256:908fad32c53b17aad12d722379150c3c5317c422437e44032256a77df1746292",
                "sha256:91efbda4e6d311812f23996242bad7665c1392209554f8a31ec6db757456db5c",
                "sha256:a6506c17b0b6016656783232d0bdd03fd333f1f654d51a14d93223f953903646",
                "sha256:a95bf9c725012dcd7ea3cac16bf647054e0d62b31d67467d228338e6a163e4ff",
                "sha256:ad7e403fc1e3cb76e802872694e30d6ca6129b9bc6ad4e7caa48ca35f8a144f8",
                "sha256:b86f762cee3709722ab4691981958cbec475ea43406a6916a7ec375db9cbd9e9",
                "sha256:ba84026e84379326bbf2f0c50792f2ae56ab9c01937df5597b6893810b8ca369",
                "sha256:bca660b76672e15d70a7dba5e703e1ce451a0257b6bd2028e62b0487885e8ae9",
                "sha256:c24c01dcd03426a5fe5ee7af735906bec6084977b9027a3605d11d949a565c01",
                "sha256:c2f2114b0968a280f94deeeaa31cfbac9175e6ac7bd3058b3ce6e054ecd762b3",
                "sha256:c46f013ff31b80cbe36410281675e1fb4eaf3e25c284fd8a69981c73f6fa4cb4",
                "sha256:c757ba1279b85b3460e72e8b92239dae6f8b060a75fb24b3d9be984dd78cfa55",
                "sha256:cc6b21f19bc9d4cd77cbcba5f3b260436ce033f1053cea225b6efea2603d201e",
                "sha256:dbf588ab09e522ac2cbd010919a592c6aae2f15ccc3cd9a96d01c42fbc13f63e",
                "sha256:de996756d894a2d52c132742e3b6d64ecd37e0919ddadf4dc3981818777c7e67",
                "sha256:e700d48056475d077f867e6a36e58546de71bdb6fdc3d34b879e3240827fefab",
                "sha256:f1e97c5f36b94542f72917b62f3a2f92be914b2cf33b80fa69cede7529241d2a",
                "sha256:fb2aa74a6e3c2cebea38dd21633671841fbe70ea486053cba33d68e3e22ccc0a",
                "sha256:ff8f91a7b1c4a1c7772caa9efe640f2768828897044748f2458b708f1026e2d4"
            ],
            "index": "pypi",
            "version": "==1.4.26"
        },
        "wcwidth": {
            "hashes": [
                "sha256:beb4802a9cebb9144e99086eff703a642a13d6a0052920003a230f3294bbe784",
                "sha256:c4d647b99872929fdb7bdcaa4fbe7f01413ed3d98077df798530e5b04f116c83"
            ],
            "version": "==0.2.5"
        }
    },
    "develop": {}
}
