{
    "_meta": {
        "hash": {
            "sha256": "b184773c71aaad66467750529a826121a5f2aa47f6a3c8601bf7547aac983cd4"
        },
        "pipfile-spec": 6,
        "requires": {
            "python_version": "3.9"
        },
        "sources": [
            {
                "name": "pypi",
                "url": "https://pypi.org/simple",
                "verify_ssl": true
            }
        ]
    },
    "default": {
        "blessed": {
            "hashes": [
                "sha256:1f2d462631b2b6d2d4c3c65b54ef79ad87a6ca2dd55255df2f8d739fcc8a1ddb",
                "sha256:4db0f94e5761aea330b528e84a250027ffe996b5a94bf03e502600c9a5ad7a61"
            ],
            "markers": "python_version >= '2.7'",
            "version": "==1.19.0"
        },
        "inquirer": {
            "hashes": [
                "sha256:08cdb7386ee01c76f91cd9813525f8723234f224dd3407019ac340ff89fdd731",
                "sha256:237c14a68bcf0b2950899aa11bcc342de613e9389e4bf6fcd2ef97fcb3b1590a"
            ],
            "index": "pypi",
            "version": "==2.8.0"
        },
        "psycopg2": {
            "hashes": [
                "sha256:26322c3f114de1f60c1b0febf8fdd595c221b4f624524178f515d07350a71bd1",
                "sha256:6796ac614412ce374587147150e56d03b7845c9e031b88aacdcadc880e81bb38",
                "sha256:77b9105ef37bc005b8ffbcb1ed6d8685bb0e8ce84773738aa56421a007ec5a7a",
                "sha256:77d09a79f9739b97099d2952bbbf18eaa4eaf825362387acbb9552ec1b3fa228",
                "sha256:91c7fd0fe9e6c118e8ff5b665bc3445781d3615fa78e131d0b4f8c85e8ca9ec8",
                "sha256:a761b60da0ecaf6a9866985bcde26327883ac3cdb90535ab68b8d784f02b05ef",
                "sha256:a84da9fa891848e0270e8e04dcca073bc9046441eeb47069f5c0e36783debbea",
                "sha256:b8816c6410fa08d2a022e4e38d128bae97c1855e176a00493d6ec62ccd606d57",
                "sha256:dfc32db6ce9ecc35a131320888b547199f79822b028934bb5b332f4169393e15",
                "sha256:f65cba7924363e0d2f416041b48ff69d559548f2cb168ff972c54e09e1e64db8",
                "sha256:fd7ddab7d6afee4e21c03c648c8b667b197104713e57ec404d5b74097af21e31"
            ],
            "index": "pypi",
            "version": "==2.9.2"
        },
        "python-editor": {
            "hashes": [
                "sha256:1bf6e860a8ad52a14c3ee1252d5dc25b2030618ed80c022598f00176adc8367d",
                "sha256:51fda6bcc5ddbbb7063b2af7509e43bd84bfc32a4ff71349ec7847713882327b",
                "sha256:5f98b069316ea1c2ed3f67e7f5df6c0d8f10b689964a4a811ff64f0106819ec8",
                "sha256:c3da2053dbab6b29c94e43c486ff67206eafbe7eb52dbec7390b5e2fb05aac77",
                "sha256:ea87e17f6ec459e780e4221f295411462e0d0810858e055fc514684350a2f522"
            ],
            "version": "==1.0.4"
        },
        "readchar": {
            "hashes": [
                "sha256:3ac34aab28563bc895f73233d5c08b28f951ca190d5850b8d4bec973132a8dca",
                "sha256:ed00b7a49bb12f345319d9fa393f289f03670310ada2beb55e8c3f017c648f1e"
            ],
            "version": "==2.0.1"
        },
        "six": {
            "hashes": [
                "sha256:1e61c37477a1626458e36f7b1d82aa5c9b094fa4802892072e49de9c60c4c926",
                "sha256:8abb2f1d86890a2dfb989f9a77cfcfd3e47c2a354b01111771326f8aa26e0254"
            ],
            "markers": "python_version >= '2.7' and python_version not in '3.0, 3.1, 3.2, 3.3'",
            "version": "==1.16.0"
        },
        "sqlalchemy": {
            "hashes": [
                "sha256:015511c52c650eebf1059ed8a21674d9d4ae567ebfd80fc73f8252faccd71864",
                "sha256:0438bccc16349db2d5203598be6073175ce16d4e53b592d6e6cef880c197333e",
                "sha256:10230364479429437f1b819a8839f1edc5744c018bfeb8d01320930f97695bc9",
                "sha256:2146ef996181e3d4dd20eaf1d7325eb62d6c8aa4dc1677c1872ddfa8561a47d9",
                "sha256:24828c5e74882cf41516740c0b150702bee4c6817d87d5c3d3bafef2e6896f80",
                "sha256:2717ceae35e71de1f58b0d1ee7e773d3aab5c403c6e79e8d262277c7f7f95269",
                "sha256:2e93624d186ea7a738ada47314701c8830e0e4b021a6bce7fbe6f39b87ee1516",
                "sha256:435b1980c1333ffe3ab386ad28d7b209590b0fa83ea8544d853e7a22f957331b",
                "sha256:486f7916ef77213103467924ef25f5ea1055ae901f385fe4d707604095fdf6a9",
                "sha256:4ac8306e04275d382d6393e557047b0a9d7ddf9f7ca5da9b3edbd9323ea75bd9",
                "sha256:4d1d707b752137e6bf45720648e1b828d5e4881d690df79cca07f7217ea06365",
                "sha256:52f23a76544ed29573c0f3ee41f0ca1aedbab3a453102b60b540cc6fa55448ad",
                "sha256:5beeff18b4e894f6cb73c8daf2c0d8768844ef40d97032bb187d75b1ec8de24b",
                "sha256:6510f4a5029643301bdfe56b61e806093af2101d347d485c42a5535847d2c699",
                "sha256:6afa9e4e63f066e0fd90a21db7e95e988d96127f52bfb298a0e9bec6999357a9",
                "sha256:771eca9872b47a629010665ff92de1c248a6979b8d1603daced37773d6f6e365",
                "sha256:78943451ab3ffd0e27876f9cea2b883317518b418f06b90dadf19394534637e9",
                "sha256:8327e468b1775c0dfabc3d01f39f440585bf4d398508fcbbe2f0d931c502337d",
                "sha256:8dbe5f639e6d035778ebf700be6d573f82a13662c3c2c3aa0f1dba303b942806",
                "sha256:9134e5810262203388b203c2022bbcbf1a22e89861eef9340e772a73dd9076fa",
                "sha256:9369f927f4d19b58322cfea8a51710a3f7c47a0e7f3398d94a4632760ecd74f6",
                "sha256:987fe2f84ceaf744fa0e48805152abe485a9d7002c9923b18a4b2529c7bff218",
                "sha256:a5881644fc51af7b232ab8d64f75c0f32295dfe88c2ee188023795cdbd4cf99b",
                "sha256:a81e40dfa50ed3c472494adadba097640bfcf43db160ed783132045eb2093cb1",
                "sha256:aadc6d1e58e14010ae4764d1ba1fd0928dbb9423b27a382ea3a1444f903f4084",
                "sha256:ad8ec6b69d03e395db48df8991aa15fce3cd23e378b73e01d46a26a6efd5c26d",
                "sha256:b02eee1577976acb4053f83d32b7826424f8b9f70809fa756529a52c6537eda4",
                "sha256:bac949be7579fed824887eed6672f44b7c4318abbfb2004b2c6968818b535a2f",
                "sha256:c035184af4e58e154b0977eea52131edd096e0754a88f7d5a847e7ccb3510772",
                "sha256:c7d0a1b1258efff7d7f2e6cfa56df580d09ba29d35a1e3f604f867e1f685feb2",
                "sha256:cc49fb8ff103900c20e4a9c53766c82a7ebbc183377fb357a8298bad216e9cdd",
                "sha256:d768359daeb3a86644f3854c6659e4496a3e6bba2b4651ecc87ce7ad415b320c",
                "sha256:d81c84c9d2523b3ea20f8e3aceea68615768a7464c0f9a9899600ce6592ec570",
                "sha256:ec1c908fa721f2c5684900cc8ff75555b1a5a2ae4f5a5694eb0e37a5263cea44",
                "sha256:fa52534076394af7315306a8701b726a6521b591d95e8f4e5121c82f94790e8d",
                "sha256:fd421a14edf73cfe01e8f51ed8966294ee3b3db8da921cacc88e497fd6e977af"
            ],
            "index": "pypi",
            "version": "==1.4.27"
        },
        "wcwidth": {
            "hashes": [
                "sha256:beb4802a9cebb9144e99086eff703a642a13d6a0052920003a230f3294bbe784",
                "sha256:c4d647b99872929fdb7bdcaa4fbe7f01413ed3d98077df798530e5b04f116c83"
            ],
            "version": "==0.2.5"
        }
    },
    "develop": {
        "autopep8": {
            "hashes": [
                "sha256:44f0932855039d2c15c4510d6df665e4730f2b8582704fa48f9c55bd3e17d979",
                "sha256:ed77137193bbac52d029a52c59bec1b0629b5a186c495f1eb21b126ac466083f"
            ],
            "index": "pypi",
            "version": "==1.6.0"
        },
        "pycodestyle": {
            "hashes": [
                "sha256:720f8b39dde8b293825e7ff02c475f3077124006db4f440dcbc9a20b76548a20",
                "sha256:eddd5847ef438ea1c7870ca7eb78a9d47ce0cdb4851a5523949f2601d0cbbe7f"
            ],
            "markers": "python_version >= '2.7' and python_version not in '3.0, 3.1, 3.2, 3.3, 3.4'",
            "version": "==2.8.0"
        },
        "toml": {
            "hashes": [
                "sha256:806143ae5bfb6a3c6e736a764057db0e6a0e05e338b5630894a5f779cabb4f9b",
                "sha256:b3bda1d108d5dd99f4a20d24d9c348e91c4db7ab1b749200bded2f839ccbe68f"
            ],
            "markers": "python_version >= '2.6' and python_version not in '3.0, 3.1, 3.2, 3.3'",
            "version": "==0.10.2"
        }
    }
}
